
Microsoft Visual Studio Solution File, Format Version 12.00
# Visual Studio 15
VisualStudioVersion = 15.0.28016.0
MinimumVisualStudioVersion = 10.0.40219.1
Project("{FAE04EC0-301F-11D3-BF4B-00C04F79EFBC}") = "Fibonnaci", "Fibonnaci\Fibonnaci.csproj", "{FD6298ED-D87F-4CE7-8A3C-3B389750B7DA}"
EndProject
Global
	GlobalSection(SolutionConfigurationPlatforms) = preSolution
		Debug|Any CPU = Debug|Any CPU
		Release|Any CPU = Release|Any CPU
	EndGlobalSection
	GlobalSection(ProjectConfigurationPlatforms) = postSolution
		{FD6298ED-D87F-4CE7-8A3C-3B389750B7DA}.Debug|Any CPU.ActiveCfg = Debug|Any CPU
		{FD6298ED-D87F-4CE7-8A3C-3B389750B7DA}.Debug|Any CPU.Build.0 = Debug|Any CPU
		{FD6298ED-D87F-4CE7-8A3C-3B389750B7DA}.Release|Any CPU.ActiveCfg = Release|Any CPU
		{FD6298ED-D87F-4CE7-8A3C-3B389750B7DA}.Release|Any CPU.Build.0 = Release|Any CPU
	EndGlobalSection
	GlobalSection(SolutionProperties) = preSolution
		HideSolutionNode = FALSE
	EndGlobalSection
	GlobalSection(ExtensibilityGlobals) = postSolution
		SolutionGuid = {21C5B141-7E34-43A8-9AC3-75F8E1CF8A63}
	EndGlobalSection
EndGlobal
